// !$*UTF8*$!
{
	archiveVersion = 1;
	classes = {
	};
	objectVersion = 46;
	objects = {

/* Begin PBXBuildFile section */
		A10577281CFAFBCE00951A27 /* main.m in Sources */ = {isa = PBXBuildFile; fileRef = A10577271CFAFBCE00951A27 /* main.m */; };
		A105772B1CFAFBCE00951A27 /* AppDelegate.m in Sources */ = {isa = PBXBuildFile; fileRef = A105772A1CFAFBCE00951A27 /* AppDelegate.m */; };
		A105772E1CFAFBCE00951A27 /* WWFtabBarController.m in Sources */ = {isa = PBXBuildFile; fileRef = A105772D1CFAFBCE00951A27 /* WWFtabBarController.m */; };
		A10577311CFAFBCE00951A27 /* Main.storyboard in Resources */ = {isa = PBXBuildFile; fileRef = A105772F1CFAFBCE00951A27 /* Main.storyboard */; };
		A10577331CFAFBCE00951A27 /* Assets.xcassets in Resources */ = {isa = PBXBuildFile; fileRef = A10577321CFAFBCE00951A27 /* Assets.xcassets */; };
		A10577361CFAFBCE00951A27 /* LaunchScreen.storyboard in Resources */ = {isa = PBXBuildFile; fileRef = A10577341CFAFBCE00951A27 /* LaunchScreen.storyboard */; };
		A10577411CFAFBCF00951A27 /* Moon_DatesTests.m in Sources */ = {isa = PBXBuildFile; fileRef = A10577401CFAFBCF00951A27 /* Moon_DatesTests.m */; };
		A105774C1CFAFBCF00951A27 /* Moon_DatesUITests.m in Sources */ = {isa = PBXBuildFile; fileRef = A105774B1CFAFBCF00951A27 /* Moon_DatesUITests.m */; };
		A105775E1CFAFD3300951A27 /* WWFinfoViewController.m in Sources */ = {isa = PBXBuildFile; fileRef = A105775D1CFAFD3300951A27 /* WWFinfoViewController.m */; };
		A10577611CFAFD6300951A27 /* WWFsettingsViewController.m in Sources */ = {isa = PBXBuildFile; fileRef = A10577601CFAFD6300951A27 /* WWFsettingsViewController.m */; };
		A10577641CFAFD7900951A27 /* WWFmoonDatesManager.m in Sources */ = {isa = PBXBuildFile; fileRef = A10577631CFAFD7900951A27 /* WWFmoonDatesManager.m */; };
		A10577661CFB06E500951A27 /* MoonDatesData.plist in Resources */ = {isa = PBXBuildFile; fileRef = A10577651CFB06E500951A27 /* MoonDatesData.plist */; };
		A10A24521E3E378800DEF328 /* mj_app_instructions.rtf in Resources */ = {isa = PBXBuildFile; fileRef = A10A24511E3E378800DEF328 /* mj_app_instructions.rtf */; };
		A145CB091CFB51B500670E79 /* WWFcalendarViewController.m in Sources */ = {isa = PBXBuildFile; fileRef = A145CB081CFB51B500670E79 /* WWFcalendarViewController.m */; };
		A145CB0B1CFB63B700670E79 /* UserData.plist in Resources */ = {isa = PBXBuildFile; fileRef = A145CB0A1CFB63B700670E79 /* UserData.plist */; };
		A145CB0E1CFB652400670E79 /* WWFuserDataManager.m in Sources */ = {isa = PBXBuildFile; fileRef = A145CB0D1CFB652400670E79 /* WWFuserDataManager.m */; };
		A1743E601D15D11100DE328B /* WWFjournalViewController.m in Sources */ = {isa = PBXBuildFile; fileRef = A1743E5F1D15D11100DE328B /* WWFjournalViewController.m */; };
/* End PBXBuildFile section */

/* Begin PBXContainerItemProxy section */
		A105773D1CFAFBCF00951A27 /* PBXContainerItemProxy */ = {
			isa = PBXContainerItemProxy;
			containerPortal = A105771B1CFAFBCE00951A27 /* Project object */;
			proxyType = 1;
			remoteGlobalIDString = A10577221CFAFBCE00951A27;
			remoteInfo = "Moon Dates";
		};
		A10577481CFAFBCF00951A27 /* PBXContainerItemProxy */ = {
			isa = PBXContainerItemProxy;
			containerPortal = A105771B1CFAFBCE00951A27 /* Project object */;
			proxyType = 1;
			remoteGlobalIDString = A10577221CFAFBCE00951A27;
			remoteInfo = "Moon Dates";
		};
/* End PBXContainerItemProxy section */

/* Begin PBXFileReference section */
		A10577231CFAFBCE00951A27 /* Moon Journal.app */ = {isa = PBXFileReference; explicitFileType = wrapper.application; includeInIndex = 0; path = "Moon Journal.app"; sourceTree = BUILT_PRODUCTS_DIR; };
		A10577271CFAFBCE00951A27 /* main.m */ = {isa = PBXFileReference; lastKnownFileType = sourcecode.c.objc; path = main.m; sourceTree = "<group>"; };
		A10577291CFAFBCE00951A27 /* AppDelegate.h */ = {isa = PBXFileReference; lastKnownFileType = sourcecode.c.h; path = AppDelegate.h; sourceTree = "<group>"; };
		A105772A1CFAFBCE00951A27 /* AppDelegate.m */ = {isa = PBXFileReference; lastKnownFileType = sourcecode.c.objc; path = AppDelegate.m; sourceTree = "<group>"; };
		A105772C1CFAFBCE00951A27 /* WWFtabBarController.h */ = {isa = PBXFileReference; lastKnownFileType = sourcecode.c.h; path = WWFtabBarController.h; sourceTree = "<group>"; };
		A105772D1CFAFBCE00951A27 /* WWFtabBarController.m */ = {isa = PBXFileReference; lastKnownFileType = sourcecode.c.objc; path = WWFtabBarController.m; sourceTree = "<group>"; };
		A10577301CFAFBCE00951A27 /* Base */ = {isa = PBXFileReference; lastKnownFileType = file.storyboard; name = Base; path = Base.lproj/Main.storyboard; sourceTree = "<group>"; };
		A10577321CFAFBCE00951A27 /* Assets.xcassets */ = {isa = PBXFileReference; lastKnownFileType = folder.assetcatalog; path = Assets.xcassets; sourceTree = "<group>"; };
		A10577351CFAFBCE00951A27 /* Base */ = {isa = PBXFileReference; lastKnownFileType = file.storyboard; name = Base; path = Base.lproj/LaunchScreen.storyboard; sourceTree = "<group>"; };
		A10577371CFAFBCE00951A27 /* Info.plist */ = {isa = PBXFileReference; lastKnownFileType = text.plist.xml; path = Info.plist; sourceTree = "<group>"; };
		A105773C1CFAFBCF00951A27 /* Moon JournalTests.xctest */ = {isa = PBXFileReference; explicitFileType = wrapper.cfbundle; includeInIndex = 0; path = "Moon JournalTests.xctest"; sourceTree = BUILT_PRODUCTS_DIR; };
		A10577401CFAFBCF00951A27 /* Moon_DatesTests.m */ = {isa = PBXFileReference; lastKnownFileType = sourcecode.c.objc; path = Moon_DatesTests.m; sourceTree = "<group>"; };
		A10577421CFAFBCF00951A27 /* Info.plist */ = {isa = PBXFileReference; lastKnownFileType = text.plist.xml; path = Info.plist; sourceTree = "<group>"; };
		A10577471CFAFBCF00951A27 /* Moon JournalUITests.xctest */ = {isa = PBXFileReference; explicitFileType = wrapper.cfbundle; includeInIndex = 0; path = "Moon JournalUITests.xctest"; sourceTree = BUILT_PRODUCTS_DIR; };
		A105774B1CFAFBCF00951A27 /* Moon_DatesUITests.m */ = {isa = PBXFileReference; lastKnownFileType = sourcecode.c.objc; path = Moon_DatesUITests.m; sourceTree = "<group>"; };
		A105774D1CFAFBCF00951A27 /* Info.plist */ = {isa = PBXFileReference; lastKnownFileType = text.plist.xml; path = Info.plist; sourceTree = "<group>"; };
		A105775C1CFAFD3300951A27 /* WWFinfoViewController.h */ = {isa = PBXFileReference; fileEncoding = 4; lastKnownFileType = sourcecode.c.h; path = WWFinfoViewController.h; sourceTree = "<group>"; };
		A105775D1CFAFD3300951A27 /* WWFinfoViewController.m */ = {isa = PBXFileReference; fileEncoding = 4; lastKnownFileType = sourcecode.c.objc; path = WWFinfoViewController.m; sourceTree = "<group>"; };
		A105775F1CFAFD6300951A27 /* WWFsettingsViewController.h */ = {isa = PBXFileReference; fileEncoding = 4; lastKnownFileType = sourcecode.c.h; path = WWFsettingsViewController.h; sourceTree = "<group>"; };
		A10577601CFAFD6300951A27 /* WWFsettingsViewController.m */ = {isa = PBXFileReference; fileEncoding = 4; lastKnownFileType = sourcecode.c.objc; path = WWFsettingsViewController.m; sourceTree = "<group>"; };
		A10577621CFAFD7900951A27 /* WWFmoonDatesManager.h */ = {isa = PBXFileReference; fileEncoding = 4; lastKnownFileType = sourcecode.c.h; path = WWFmoonDatesManager.h; sourceTree = "<group>"; };
		A10577631CFAFD7900951A27 /* WWFmoonDatesManager.m */ = {isa = PBXFileReference; fileEncoding = 4; lastKnownFileType = sourcecode.c.objc; path = WWFmoonDatesManager.m; sourceTree = "<group>"; };
		A10577651CFB06E500951A27 /* MoonDatesData.plist */ = {isa = PBXFileReference; fileEncoding = 4; lastKnownFileType = text.plist.xml; path = MoonDatesData.plist; sourceTree = "<group>"; };
		A10A24511E3E378800DEF328 /* mj_app_instructions.rtf */ = {isa = PBXFileReference; fileEncoding = 4; lastKnownFileType = text.rtf; path = mj_app_instructions.rtf; sourceTree = "<group>"; };
		A145CB061CFB4D3D00670E79 /* Constants.h */ = {isa = PBXFileReference; fileEncoding = 4; lastKnownFileType = sourcecode.c.h; path = Constants.h; sourceTree = "<group>"; };
		A145CB071CFB51B500670E79 /* WWFcalendarViewController.h */ = {isa = PBXFileReference; fileEncoding = 4; lastKnownFileType = sourcecode.c.h; name = WWFcalendarViewController.h; path = ../WWFcalendarViewController.h; sourceTree = "<group>"; };
		A145CB081CFB51B500670E79 /* WWFcalendarViewController.m */ = {isa = PBXFileReference; fileEncoding = 4; lastKnownFileType = sourcecode.c.objc; name = WWFcalendarViewController.m; path = ../WWFcalendarViewController.m; sourceTree = "<group>"; };
		A145CB0A1CFB63B700670E79 /* UserData.plist */ = {isa = PBXFileReference; fileEncoding = 4; lastKnownFileType = text.plist.xml; path = UserData.plist; sourceTree = "<group>"; };
		A145CB0C1CFB652400670E79 /* WWFuserDataManager.h */ = {isa = PBXFileReference; fileEncoding = 4; lastKnownFileType = sourcecode.c.h; path = WWFuserDataManager.h; sourceTree = "<group>"; };
		A145CB0D1CFB652400670E79 /* WWFuserDataManager.m */ = {isa = PBXFileReference; fileEncoding = 4; lastKnownFileType = sourcecode.c.objc; path = WWFuserDataManager.m; sourceTree = "<group>"; };
		A1743E5E1D15D11100DE328B /* WWFjournalViewController.h */ = {isa = PBXFileReference; fileEncoding = 4; lastKnownFileType = sourcecode.c.h; path = WWFjournalViewController.h; sourceTree = "<group>"; };
		A1743E5F1D15D11100DE328B /* WWFjournalViewController.m */ = {isa = PBXFileReference; fileEncoding = 4; lastKnownFileType = sourcecode.c.objc; path = WWFjournalViewController.m; sourceTree = "<group>"; };
/* End PBXFileReference section */

/* Begin PBXFrameworksBuildPhase section */
		A10577201CFAFBCE00951A27 /* Frameworks */ = {
			isa = PBXFrameworksBuildPhase;
			buildActionMask = 2147483647;
			files = (
			);
			runOnlyForDeploymentPostprocessing = 0;
		};
		A10577391CFAFBCF00951A27 /* Frameworks */ = {
			isa = PBXFrameworksBuildPhase;
			buildActionMask = 2147483647;
			files = (
			);
			runOnlyForDeploymentPostprocessing = 0;
		};
		A10577441CFAFBCF00951A27 /* Frameworks */ = {
			isa = PBXFrameworksBuildPhase;
			buildActionMask = 2147483647;
			files = (
			);
			runOnlyForDeploymentPostprocessing = 0;
		};
/* End PBXFrameworksBuildPhase section */

/* Begin PBXGroup section */
		A105771A1CFAFBCE00951A27 = {
			isa = PBXGroup;
			children = (
				A10577251CFAFBCE00951A27 /* Moon Dates */,
				A105773F1CFAFBCF00951A27 /* Moon DatesTests */,
				A105774A1CFAFBCF00951A27 /* Moon DatesUITests */,
				A10577241CFAFBCE00951A27 /* Products */,
			);
			sourceTree = "<group>";
		};
		A10577241CFAFBCE00951A27 /* Products */ = {
			isa = PBXGroup;
			children = (
				A10577231CFAFBCE00951A27 /* Moon Journal.app */,
				A105773C1CFAFBCF00951A27 /* Moon JournalTests.xctest */,
				A10577471CFAFBCF00951A27 /* Moon JournalUITests.xctest */,
			);
			name = Products;
			sourceTree = "<group>";
		};
		A10577251CFAFBCE00951A27 /* Moon Dates */ = {
			isa = PBXGroup;
			children = (
				A10577291CFAFBCE00951A27 /* AppDelegate.h */,
				A105772A1CFAFBCE00951A27 /* AppDelegate.m */,
				A105772F1CFAFBCE00951A27 /* Main.storyboard */,
				A10A24511E3E378800DEF328 /* mj_app_instructions.rtf */,
				A10577321CFAFBCE00951A27 /* Assets.xcassets */,
				A10577341CFAFBCE00951A27 /* LaunchScreen.storyboard */,
				A145CB061CFB4D3D00670E79 /* Constants.h */,
				A105772C1CFAFBCE00951A27 /* WWFtabBarController.h */,
				A105772D1CFAFBCE00951A27 /* WWFtabBarController.m */,
				A145CB071CFB51B500670E79 /* WWFcalendarViewController.h */,
				A145CB081CFB51B500670E79 /* WWFcalendarViewController.m */,
				A105775C1CFAFD3300951A27 /* WWFinfoViewController.h */,
				A105775D1CFAFD3300951A27 /* WWFinfoViewController.m */,
				A105775F1CFAFD6300951A27 /* WWFsettingsViewController.h */,
				A10577601CFAFD6300951A27 /* WWFsettingsViewController.m */,
				A1743E5E1D15D11100DE328B /* WWFjournalViewController.h */,
				A1743E5F1D15D11100DE328B /* WWFjournalViewController.m */,
				A10577621CFAFD7900951A27 /* WWFmoonDatesManager.h */,
				A10577631CFAFD7900951A27 /* WWFmoonDatesManager.m */,
				A145CB0C1CFB652400670E79 /* WWFuserDataManager.h */,
				A145CB0D1CFB652400670E79 /* WWFuserDataManager.m */,
				A10577371CFAFBCE00951A27 /* Info.plist */,
				A10577651CFB06E500951A27 /* MoonDatesData.plist */,
				A145CB0A1CFB63B700670E79 /* UserData.plist */,
				A10577261CFAFBCE00951A27 /* Supporting Files */,
			);
			path = "Moon Dates";
			sourceTree = "<group>";
		};
		A10577261CFAFBCE00951A27 /* Supporting Files */ = {
			isa = PBXGroup;
			children = (
				A10577271CFAFBCE00951A27 /* main.m */,
			);
			name = "Supporting Files";
			sourceTree = "<group>";
		};
		A105773F1CFAFBCF00951A27 /* Moon DatesTests */ = {
			isa = PBXGroup;
			children = (
				A10577401CFAFBCF00951A27 /* Moon_DatesTests.m */,
				A10577421CFAFBCF00951A27 /* Info.plist */,
			);
			path = "Moon DatesTests";
			sourceTree = "<group>";
		};
		A105774A1CFAFBCF00951A27 /* Moon DatesUITests */ = {
			isa = PBXGroup;
			children = (
				A105774B1CFAFBCF00951A27 /* Moon_DatesUITests.m */,
				A105774D1CFAFBCF00951A27 /* Info.plist */,
			);
			path = "Moon DatesUITests";
			sourceTree = "<group>";
		};
/* End PBXGroup section */

/* Begin PBXNativeTarget section */
		A10577221CFAFBCE00951A27 /* Moon Journal */ = {
			isa = PBXNativeTarget;
			buildConfigurationList = A10577501CFAFBCF00951A27 /* Build configuration list for PBXNativeTarget "Moon Journal" */;
			buildPhases = (
				A105771F1CFAFBCE00951A27 /* Sources */,
				A10577201CFAFBCE00951A27 /* Frameworks */,
				A10577211CFAFBCE00951A27 /* Resources */,
			);
			buildRules = (
			);
			dependencies = (
			);
			name = "Moon Journal";
			productName = "Moon Dates";
			productReference = A10577231CFAFBCE00951A27 /* Moon Journal.app */;
			productType = "com.apple.product-type.application";
		};
		A105773B1CFAFBCF00951A27 /* Moon JournalTests */ = {
			isa = PBXNativeTarget;
			buildConfigurationList = A10577531CFAFBCF00951A27 /* Build configuration list for PBXNativeTarget "Moon JournalTests" */;
			buildPhases = (
				A10577381CFAFBCF00951A27 /* Sources */,
				A10577391CFAFBCF00951A27 /* Frameworks */,
				A105773A1CFAFBCF00951A27 /* Resources */,
			);
			buildRules = (
			);
			dependencies = (
				A105773E1CFAFBCF00951A27 /* PBXTargetDependency */,
			);
			name = "Moon JournalTests";
			productName = "Moon DatesTests";
			productReference = A105773C1CFAFBCF00951A27 /* Moon JournalTests.xctest */;
			productType = "com.apple.product-type.bundle.unit-test";
		};
		A10577461CFAFBCF00951A27 /* Moon JournalUITests */ = {
			isa = PBXNativeTarget;
			buildConfigurationList = A10577561CFAFBCF00951A27 /* Build configuration list for PBXNativeTarget "Moon JournalUITests" */;
			buildPhases = (
				A10577431CFAFBCF00951A27 /* Sources */,
				A10577441CFAFBCF00951A27 /* Frameworks */,
				A10577451CFAFBCF00951A27 /* Resources */,
			);
			buildRules = (
			);
			dependencies = (
				A10577491CFAFBCF00951A27 /* PBXTargetDependency */,
			);
			name = "Moon JournalUITests";
			productName = "Moon DatesUITests";
			productReference = A10577471CFAFBCF00951A27 /* Moon JournalUITests.xctest */;
			productType = "com.apple.product-type.bundle.ui-testing";
		};
/* End PBXNativeTarget section */

/* Begin PBXProject section */
		A105771B1CFAFBCE00951A27 /* Project object */ = {
			isa = PBXProject;
			attributes = {
				LastUpgradeCheck = 0810;
				ORGANIZATIONNAME = "Andy Guttridge";
				TargetAttributes = {
					A10577221CFAFBCE00951A27 = {
						CreatedOnToolsVersion = 7.2.1;
						DevelopmentTeam = S7KGP8RV4Q;
					};
					A105773B1CFAFBCF00951A27 = {
						CreatedOnToolsVersion = 7.2.1;
						TestTargetID = A10577221CFAFBCE00951A27;
					};
					A10577461CFAFBCF00951A27 = {
						CreatedOnToolsVersion = 7.2.1;
						TestTargetID = A10577221CFAFBCE00951A27;
					};
				};
			};
			buildConfigurationList = A105771E1CFAFBCE00951A27 /* Build configuration list for PBXProject "Moon Journal" */;
			compatibilityVersion = "Xcode 3.2";
			developmentRegion = English;
			hasScannedForEncodings = 0;
			knownRegions = (
				en,
				Base,
			);
			mainGroup = A105771A1CFAFBCE00951A27;
			productRefGroup = A10577241CFAFBCE00951A27 /* Products */;
			projectDirPath = "";
			projectRoot = "";
			targets = (
				A10577221CFAFBCE00951A27 /* Moon Journal */,
				A105773B1CFAFBCF00951A27 /* Moon JournalTests */,
				A10577461CFAFBCF00951A27 /* Moon JournalUITests */,
			);
		};
/* End PBXProject section */

/* Begin PBXResourcesBuildPhase section */
		A10577211CFAFBCE00951A27 /* Resources */ = {
			isa = PBXResourcesBuildPhase;
			buildActionMask = 2147483647;
			files = (
				A10A24521E3E378800DEF328 /* mj_app_instructions.rtf in Resources */,
				A10577361CFAFBCE00951A27 /* LaunchScreen.storyboard in Resources */,
				A10577661CFB06E500951A27 /* MoonDatesData.plist in Resources */,
				A10577331CFAFBCE00951A27 /* Assets.xcassets in Resources */,
				A10577311CFAFBCE00951A27 /* Main.storyboard in Resources */,
				A145CB0B1CFB63B700670E79 /* UserData.plist in Resources */,
			);
			runOnlyForDeploymentPostprocessing = 0;
		};
		A105773A1CFAFBCF00951A27 /* Resources */ = {
			isa = PBXResourcesBuildPhase;
			buildActionMask = 2147483647;
			files = (
			);
			runOnlyForDeploymentPostprocessing = 0;
		};
		A10577451CFAFBCF00951A27 /* Resources */ = {
			isa = PBXResourcesBuildPhase;
			buildActionMask = 2147483647;
			files = (
			);
			runOnlyForDeploymentPostprocessing = 0;
		};
/* End PBXResourcesBuildPhase section */

/* Begin PBXSourcesBuildPhase section */
		A105771F1CFAFBCE00951A27 /* Sources */ = {
			isa = PBXSourcesBuildPhase;
			buildActionMask = 2147483647;
			files = (
				A105775E1CFAFD3300951A27 /* WWFinfoViewController.m in Sources */,
				A105772E1CFAFBCE00951A27 /* WWFtabBarController.m in Sources */,
				A1743E601D15D11100DE328B /* WWFjournalViewController.m in Sources */,
				A105772B1CFAFBCE00951A27 /* AppDelegate.m in Sources */,
				A10577281CFAFBCE00951A27 /* main.m in Sources */,
				A10577611CFAFD6300951A27 /* WWFsettingsViewController.m in Sources */,
				A145CB091CFB51B500670E79 /* WWFcalendarViewController.m in Sources */,
				A145CB0E1CFB652400670E79 /* WWFuserDataManager.m in Sources */,
				A10577641CFAFD7900951A27 /* WWFmoonDatesManager.m in Sources */,
			);
			runOnlyForDeploymentPostprocessing = 0;
		};
		A10577381CFAFBCF00951A27 /* Sources */ = {
			isa = PBXSourcesBuildPhase;
			buildActionMask = 2147483647;
			files = (
				A10577411CFAFBCF00951A27 /* Moon_DatesTests.m in Sources */,
			);
			runOnlyForDeploymentPostprocessing = 0;
		};
		A10577431CFAFBCF00951A27 /* Sources */ = {
			isa = PBXSourcesBuildPhase;
			buildActionMask = 2147483647;
			files = (
				A105774C1CFAFBCF00951A27 /* Moon_DatesUITests.m in Sources */,
			);
			runOnlyForDeploymentPostprocessing = 0;
		};
/* End PBXSourcesBuildPhase section */

/* Begin PBXTargetDependency section */
		A105773E1CFAFBCF00951A27 /* PBXTargetDependency */ = {
			isa = PBXTargetDependency;
			target = A10577221CFAFBCE00951A27 /* Moon Journal */;
			targetProxy = A105773D1CFAFBCF00951A27 /* PBXContainerItemProxy */;
		};
		A10577491CFAFBCF00951A27 /* PBXTargetDependency */ = {
			isa = PBXTargetDependency;
			target = A10577221CFAFBCE00951A27 /* Moon Journal */;
			targetProxy = A10577481CFAFBCF00951A27 /* PBXContainerItemProxy */;
		};
/* End PBXTargetDependency section */

/* Begin PBXVariantGroup section */
		A105772F1CFAFBCE00951A27 /* Main.storyboard */ = {
			isa = PBXVariantGroup;
			children = (
				A10577301CFAFBCE00951A27 /* Base */,
			);
			name = Main.storyboard;
			sourceTree = "<group>";
		};
		A10577341CFAFBCE00951A27 /* LaunchScreen.storyboard */ = {
			isa = PBXVariantGroup;
			children = (
				A10577351CFAFBCE00951A27 /* Base */,
			);
			name = LaunchScreen.storyboard;
			sourceTree = "<group>";
		};
/* End PBXVariantGroup section */

/* Begin XCBuildConfiguration section */
		A105774E1CFAFBCF00951A27 /* Debug */ = {
			isa = XCBuildConfiguration;
			buildSettings = {
				ALWAYS_SEARCH_USER_PATHS = NO;
				CLANG_CXX_LANGUAGE_STANDARD = "gnu++0x";
				CLANG_CXX_LIBRARY = "libc++";
				CLANG_ENABLE_MODULES = YES;
				CLANG_ENABLE_OBJC_ARC = YES;
				CLANG_WARN_BOOL_CONVERSION = YES;
				CLANG_WARN_CONSTANT_CONVERSION = YES;
				CLANG_WARN_DIRECT_OBJC_ISA_USAGE = YES_ERROR;
				CLANG_WARN_EMPTY_BODY = YES;
				CLANG_WARN_ENUM_CONVERSION = YES;
				CLANG_WARN_INFINITE_RECURSION = YES;
				CLANG_WARN_INT_CONVERSION = YES;
				CLANG_WARN_OBJC_ROOT_CLASS = YES_ERROR;
				CLANG_WARN_SUSPICIOUS_MOVE = YES;
				CLANG_WARN_UNREACHABLE_CODE = YES;
				CLANG_WARN__DUPLICATE_METHOD_MATCH = YES;
				"CODE_SIGN_IDENTITY[sdk=iphoneos*]" = "iPhone Developer";
				COPY_PHASE_STRIP = NO;
				DEBUG_INFORMATION_FORMAT = dwarf;
				ENABLE_STRICT_OBJC_MSGSEND = YES;
				ENABLE_TESTABILITY = YES;
				GCC_C_LANGUAGE_STANDARD = gnu99;
				GCC_DYNAMIC_NO_PIC = NO;
				GCC_NO_COMMON_BLOCKS = YES;
				GCC_OPTIMIZATION_LEVEL = 0;
				GCC_PREPROCESSOR_DEFINITIONS = (
					"DEBUG=1",
					"$(inherited)",
				);
				GCC_WARN_64_TO_32_BIT_CONVERSION = YES;
				GCC_WARN_ABOUT_RETURN_TYPE = YES_ERROR;
				GCC_WARN_UNDECLARED_SELECTOR = YES;
				GCC_WARN_UNINITIALIZED_AUTOS = YES_AGGRESSIVE;
				GCC_WARN_UNUSED_FUNCTION = YES;
				GCC_WARN_UNUSED_VARIABLE = YES;
				IPHONEOS_DEPLOYMENT_TARGET = 9.2;
				MTL_ENABLE_DEBUG_INFO = YES;
				ONLY_ACTIVE_ARCH = YES;
				SDKROOT = iphoneos;
				TARGETED_DEVICE_FAMILY = "1,2";
			};
			name = Debug;
		};
		A105774F1CFAFBCF00951A27 /* Release */ = {
			isa = XCBuildConfiguration;
			buildSettings = {
				ALWAYS_SEARCH_USER_PATHS = NO;
				CLANG_CXX_LANGUAGE_STANDARD = "gnu++0x";
				CLANG_CXX_LIBRARY = "libc++";
				CLANG_ENABLE_MODULES = YES;
				CLANG_ENABLE_OBJC_ARC = YES;
				CLANG_WARN_BOOL_CONVERSION = YES;
				CLANG_WARN_CONSTANT_CONVERSION = YES;
				CLANG_WARN_DIRECT_OBJC_ISA_USAGE = YES_ERROR;
				CLANG_WARN_EMPTY_BODY = YES;
				CLANG_WARN_ENUM_CONVERSION = YES;
				CLANG_WARN_INFINITE_RECURSION = YES;
				CLANG_WARN_INT_CONVERSION = YES;
				CLANG_WARN_OBJC_ROOT_CLASS = YES_ERROR;
				CLANG_WARN_SUSPICIOUS_MOVE = YES;
				CLANG_WARN_UNREACHABLE_CODE = YES;
				CLANG_WARN__DUPLICATE_METHOD_MATCH = YES;
				"CODE_SIGN_IDENTITY[sdk=iphoneos*]" = "iPhone Developer";
				COPY_PHASE_STRIP = NO;
				DEBUG_INFORMATION_FORMAT = "dwarf-with-dsym";
				ENABLE_NS_ASSERTIONS = NO;
				ENABLE_STRICT_OBJC_MSGSEND = YES;
				GCC_C_LANGUAGE_STANDARD = gnu99;
				GCC_NO_COMMON_BLOCKS = YES;
				GCC_WARN_64_TO_32_BIT_CONVERSION = YES;
				GCC_WARN_ABOUT_RETURN_TYPE = YES_ERROR;
				GCC_WARN_UNDECLARED_SELECTOR = YES;
				GCC_WARN_UNINITIALIZED_AUTOS = YES_AGGRESSIVE;
				GCC_WARN_UNUSED_FUNCTION = YES;
				GCC_WARN_UNUSED_VARIABLE = YES;
				IPHONEOS_DEPLOYMENT_TARGET = 9.2;
				MTL_ENABLE_DEBUG_INFO = NO;
				SDKROOT = iphoneos;
				TARGETED_DEVICE_FAMILY = "1,2";
				VALIDATE_PRODUCT = YES;
			};
			name = Release;
		};
		A10577511CFAFBCF00951A27 /* Debug */ = {
			isa = XCBuildConfiguration;
			buildSettings = {
				ASSETCATALOG_COMPILER_APPICON_NAME = AppIcon;
				CODE_SIGN_IDENTITY = "iPhone Developer";
				"CODE_SIGN_IDENTITY[sdk=iphoneos*]" = "iPhone Developer";
				DEVELOPMENT_TEAM = S7KGP8RV4Q;
				INFOPLIST_FILE = "Moon Dates/Info.plist";
				IPHONEOS_DEPLOYMENT_TARGET = 9.3;
				LD_RUNPATH_SEARCH_PATHS = "$(inherited) @executable_path/Frameworks";
				PRODUCT_BUNDLE_IDENTIFIER = "ACG.Moon-Dates";
				PRODUCT_NAME = "$(TARGET_NAME)";
				PROVISIONING_PROFILE = "";
			};
			name = Debug;
		};
		A10577521CFAFBCF00951A27 /* Release */ = {
			isa = XCBuildConfiguration;
			buildSettings = {
				ASSETCATALOG_COMPILER_APPICON_NAME = AppIcon;
				CODE_SIGN_IDENTITY = "iPhone Developer";
				"CODE_SIGN_IDENTITY[sdk=iphoneos*]" = "iPhone Developer";
				DEVELOPMENT_TEAM = S7KGP8RV4Q;
				INFOPLIST_FILE = "Moon Dates/Info.plist";
				IPHONEOS_DEPLOYMENT_TARGET = 9.3;
				LD_RUNPATH_SEARCH_PATHS = "$(inherited) @executable_path/Frameworks";
				PRODUCT_BUNDLE_IDENTIFIER = "ACG.Moon-Dates";
				PRODUCT_NAME = "$(TARGET_NAME)";
				PROVISIONING_PROFILE = "";
			};
			name = Release;
		};
		A10577541CFAFBCF00951A27 /* Debug */ = {
			isa = XCBuildConfiguration;
			buildSettings = {
				BUNDLE_LOADER = "$(TEST_HOST)";
				INFOPLIST_FILE = "Moon DatesTests/Info.plist";
				LD_RUNPATH_SEARCH_PATHS = "$(inherited) @executable_path/Frameworks @loader_path/Frameworks";
				PRODUCT_BUNDLE_IDENTIFIER = "ACG.Moon-DatesTests";
				PRODUCT_NAME = "$(TARGET_NAME)";
				TEST_HOST = "$(BUILT_PRODUCTS_DIR)/Moon Journal.app/Moon Journal";
			};
			name = Debug;
		};
		A10577551CFAFBCF00951A27 /* Release */ = {
			isa = XCBuildConfiguration;
			buildSettings = {
				BUNDLE_LOADER = "$(TEST_HOST)";
				INFOPLIST_FILE = "Moon DatesTests/Info.plist";
				LD_RUNPATH_SEARCH_PATHS = "$(inherited) @executable_path/Frameworks @loader_path/Frameworks";
				PRODUCT_BUNDLE_IDENTIFIER = "ACG.Moon-DatesTests";
				PRODUCT_NAME = "$(TARGET_NAME)";
				TEST_HOST = "$(BUILT_PRODUCTS_DIR)/Moon Journal.app/Moon Journal";
			};
			name = Release;
		};
		A10577571CFAFBCF00951A27 /* Debug */ = {
			isa = XCBuildConfiguration;
			buildSettings = {
				INFOPLIST_FILE = "Moon DatesUITests/Info.plist";
				LD_RUNPATH_SEARCH_PATHS = "$(inherited) @executable_path/Frameworks @loader_path/Frameworks";
				PRODUCT_BUNDLE_IDENTIFIER = "ACG.Moon-DatesUITests";
				PRODUCT_NAME = "$(TARGET_NAME)";
				TEST_TARGET_NAME = "Moon Dates";
				USES_XCTRUNNER = YES;
			};
			name = Debug;
		};
		A10577581CFAFBCF00951A27 /* Release */ = {
			isa = XCBuildConfiguration;
			buildSettings = {
				INFOPLIST_FILE = "Moon DatesUITests/Info.plist";
				LD_RUNPATH_SEARCH_PATHS = "$(inherited) @executable_path/Frameworks @loader_path/Frameworks";
				PRODUCT_BUNDLE_IDENTIFIER = "ACG.Moon-DatesUITests";
				PRODUCT_NAME = "$(TARGET_NAME)";
				TEST_TARGET_NAME = "Moon Dates";
				USES_XCTRUNNER = YES;
			};
			name = Release;
		};
/* End XCBuildConfiguration section */

/* Begin XCConfigurationList section */
		A105771E1CFAFBCE00951A27 /* Build configuration list for PBXProject "Moon Journal" */ = {
			isa = XCConfigurationList;
			buildConfigurations = (
				A105774E1CFAFBCF00951A27 /* Debug */,
				A105774F1CFAFBCF00951A27 /* Release */,
			);
			defaultConfigurationIsVisible = 0;
			defaultConfigurationName = Release;
		};
		A10577501CFAFBCF00951A27 /* Build configuration list for PBXNativeTarget "Moon Journal" */ = {
			isa = XCConfigurationList;
			buildConfigurations = (
				A10577511CFAFBCF00951A27 /* Debug */,
				A10577521CFAFBCF00951A27 /* Release */,
			);
			defaultConfigurationIsVisible = 0;
			defaultConfigurationName = Release;
		};
		A10577531CFAFBCF00951A27 /* Build configuration list for PBXNativeTarget "Moon JournalTests" */ = {
			isa = XCConfigurationList;
			buildConfigurations = (
				A10577541CFAFBCF00951A27 /* Debug */,
				A10577551CFAFBCF00951A27 /* Release */,
			);
			defaultConfigurationIsVisible = 0;
			defaultConfigurationName = Release;
		};
		A10577561CFAFBCF00951A27 /* Build configuration list for PBXNativeTarget "Moon JournalUITests" */ = {
			isa = XCConfigurationList;
			buildConfigurations = (
				A10577571CFAFBCF00951A27 /* Debug */,
				A10577581CFAFBCF00951A27 /* Release */,
			);
			defaultConfigurationIsVisible = 0;
			defaultConfigurationName = Release;
		};
/* End XCConfigurationList section */
	};
	rootObject = A105771B1CFAFBCE00951A27 /* Project object */;
}
